{
  "version": 4,
  "terraform_version": "1.12.2",
  "serial": 7,
  "lineage": "33d57739-772e-379a-804f-7b0259b494e6",
  "outputs": {
    "instance_public_ip": {
      "value": "35.174.109.42",
      "type": "string"
    },
    "wordpress_url": {
      "value": "http://35.174.109.42",
      "type": "string"
    }
  },
  "resources": [
    {
      "mode": "managed",
      "type": "aws_instance",
      "name": "wordpress",
      "provider": "provider[\"registry.terraform.io/hashicorp/aws\"]",
      "instances": [
        {
          "schema_version": 2,
          "attributes": {
            "ami": "ami-0c7217cdde317cfec",
            "arn": "arn:aws:ec2:us-east-1:764283926008:instance/i-0e5d84ab8aa5f881f",
            "associate_public_ip_address": true,
            "availability_zone": "us-east-1a",
            "capacity_reservation_specification": [
              {
                "capacity_reservation_preference": "open",
                "capacity_reservation_target": []
              }
            ],
            "cpu_options": [
              {
                "amd_sev_snp": "",
                "core_count": 1,
                "threads_per_core": 1
              }
            ],
            "credit_specification": [
              {
                "cpu_credits": "standard"
              }
            ],
            "disable_api_stop": false,
            "disable_api_termination": false,
            "ebs_block_device": [],
            "ebs_optimized": false,
            "enable_primary_ipv6": null,
            "enclave_options": [
              {
                "enabled": false
              }
            ],
            "ephemeral_block_device": [],
            "get_password_data": false,
            "hibernation": false,
            "host_id": "",
            "host_resource_group_arn": null,
            "iam_instance_profile": "",
            "id": "i-0e5d84ab8aa5f881f",
            "instance_initiated_shutdown_behavior": "stop",
            "instance_lifecycle": "",
            "instance_market_options": [],
            "instance_state": "running",
            "instance_type": "t2.micro",
            "ipv6_address_count": 0,
            "ipv6_addresses": [],
            "key_name": "wordpress-key",
            "launch_template": [],
            "maintenance_options": [
              {
                "auto_recovery": "default"
              }
            ],
            "metadata_options": [
              {
                "http_endpoint": "enabled",
                "http_protocol_ipv6": "disabled",
                "http_put_response_hop_limit": 1,
                "http_tokens": "optional",
                "instance_metadata_tags": "disabled"
              }
            ],
            "monitoring": false,
            "network_interface": [],
            "outpost_arn": "",
            "password_data": "",
            "placement_group": "",
            "placement_partition_number": 0,
            "primary_network_interface_id": "eni-00aaeca5c3d567bda",
            "private_dns": "ip-172-31-95-140.ec2.internal",
            "private_dns_name_options": [
              {
                "enable_resource_name_dns_a_record": false,
                "enable_resource_name_dns_aaaa_record": false,
                "hostname_type": "ip-name"
              }
            ],
            "private_ip": "172.31.95.140",
            "public_dns": "ec2-35-174-109-42.compute-1.amazonaws.com",
            "public_ip": "35.174.109.42",
            "region": "us-east-1",
            "root_block_device": [
              {
                "delete_on_termination": true,
                "device_name": "/dev/sda1",
                "encrypted": false,
                "iops": 100,
                "kms_key_id": "",
                "tags": {},
                "tags_all": {},
                "throughput": 0,
                "volume_id": "vol-0e1e9d605fdfe6e3e",
                "volume_size": 8,
                "volume_type": "gp2"
              }
            ],
            "secondary_private_ips": [],
            "security_groups": [
              "wordpress-sg"
            ],
            "source_dest_check": true,
            "spot_instance_request_id": "",
            "subnet_id": "subnet-0499069e288debd0c",
            "tags": {
              "Name": "WordPressServer"
            },
            "tags_all": {
              "Name": "WordPressServer"
            },
            "tenancy": "default",
            "timeouts": null,
            "user_data": "#cloud-config\npackage_update: true\npackage_upgrade: true\npackages:\n  - apache2\n  - mysql-server\n  - php\n  - php-mysql\n  - libapache2-mod-php\n  - wget\n  - unzip\n\nruncmd:\n  - systemctl enable apache2\n  - systemctl start apache2\n  - systemctl enable mysql\n  - systemctl start mysql\n  - cd /tmp\n  - wget https://wordpress.org/latest.zip\n  - unzip latest.zip\n  - cp -r wordpress/* /var/www/html/\n  - chown -R www-data:www-data /var/www/html/\n  - chmod -R 755 /var/www/html/\n  - rm -rf /var/www/html/index.html /tmp/wordpress /tmp/latest.zip\n",
            "user_data_base64": null,
            "user_data_replace_on_change": false,
            "volume_tags": null,
            "vpc_security_group_ids": [
              "sg-043d005781b16b025"
            ]
          },
          "sensitive_attributes": [],
          "identity_schema_version": 0,
          "private": "eyJlMmJmYjczMC1lY2FhLTExZTYtOGY4OC0zNDM2M2JjN2M0YzAiOnsiY3JlYXRlIjo2MDAwMDAwMDAwMDAsImRlbGV0ZSI6MTIwMDAwMDAwMDAwMCwicmVhZCI6OTAwMDAwMDAwMDAwLCJ1cGRhdGUiOjYwMDAwMDAwMDAwMH0sInNjaGVtYV92ZXJzaW9uIjoiMiJ9",
          "dependencies": [
            "aws_key_pair.default",
            "aws_security_group.wordpress_sg"
          ]
        }
      ]
    },
    {
      "mode": "managed",
      "type": "aws_key_pair",
      "name": "default",
      "provider": "provider[\"registry.terraform.io/hashicorp/aws\"]",
      "instances": [
        {
          "schema_version": 1,
          "attributes": {
            "arn": "arn:aws:ec2:us-east-1:764283926008:key-pair/wordpress-key",
            "fingerprint": "70:61:6c:1a:f1:b9:b8:a8:40:23:2e:56:a5:a0:3a:e1",
            "id": "wordpress-key",
            "key_name": "wordpress-key",
            "key_name_prefix": "",
            "key_pair_id": "key-08c092192953a8fa1",
            "key_type": "rsa",
            "public_key": "ssh-rsa AAAAB3NzaC1yc2EAAAADAQABAAACAQDdpFDYsmalCUyhdABRBdHj+Uvf45FO/JFaH10pA5Xejo5IDJBMTXyigmzQHG/YfdbVJFCYj3DGbTHU30fYmSw5DiJga037VFDsNSbJSegWjxGIN6Wgc1N3x/NVwjxI4xwHepCFtPKqO4X/EEPx+nK/H00yvuG0qf1uxr5bp5klVv0beZIfGR894wlZNXCWZHkPxUl8nuEZP3bCSrbgO6djf44lFjd0PEsA/nlb8kEVJg2BcZbQl5gx+OdESQvEWHbgWnv9bLf3WoLQKpd5rLvq+H2Ii9InrExRdwg/AeHh6e58ci/mepLQ8pTdWdzh7Wy+CHShmXDCUJdNdifE+xBpdqxaCI4eRgpgen+uguduhAkyCiWzckwr9ZHNQ9+l3DESebW35OzULCTnJ5XFD1Zr+qmDpdYhjdVgIjR/Mjwy84O5gwUjKsRIBII4cqt8i7kYcVOO6syMnRjn482WqGWmaRWY1sNHjZBMCMSNr/RwIvSeTB5Q3l+Dm7LTAbDj8QAQxz9aLJlCf7HiNsHPwq8RWoVLi5gArJ/sSscoI6bWh3d2dvavQsCV4J9NxKDLbOGUElDKwrnuorj1kkmE2jTOBttO3wVnC2snqWX6h9TtYdMv79s5hYDamWoYk3W6CDzqiXGc9hL79yt5JbjqH/Gbta3KTGqbaK8zrGA93lR5cw== nahimahmed@MacBookAir.powerhub",
            "region": "us-east-1",
            "tags": null,
            "tags_all": {}
          },
          "sensitive_attributes": [],
          "identity_schema_version": 0,
          "private": "eyJzY2hlbWFfdmVyc2lvbiI6IjEifQ=="
        }
      ]
    },
    {
      "mode": "managed",
      "type": "aws_security_group",
      "name": "wordpress_sg",
      "provider": "provider[\"registry.terraform.io/hashicorp/aws\"]",
      "instances": [
        {
          "schema_version": 1,
          "attributes": {
            "arn": "arn:aws:ec2:us-east-1:764283926008:security-group/sg-043d005781b16b025",
            "description": "Allow HTTP, HTTPS, SSH",
            "egress": [
              {
                "cidr_blocks": [
                  "0.0.0.0/0"
                ],
                "description": "",
                "from_port": 0,
                "ipv6_cidr_blocks": [],
                "prefix_list_ids": [],
                "protocol": "-1",
                "security_groups": [],
                "self": false,
                "to_port": 0
              }
            ],
            "id": "sg-043d005781b16b025",
            "ingress": [
              {
                "cidr_blocks": [
                  "0.0.0.0/0"
                ],
                "description": "",
                "from_port": 22,
                "ipv6_cidr_blocks": [],
                "prefix_list_ids": [],
                "protocol": "tcp",
                "security_groups": [],
                "self": false,
                "to_port": 22
              },
              {
                "cidr_blocks": [
                  "0.0.0.0/0"
                ],
                "description": "",
                "from_port": 443,
                "ipv6_cidr_blocks": [],
                "prefix_list_ids": [],
                "protocol": "tcp",
                "security_groups": [],
                "self": false,
                "to_port": 443
              },
              {
                "cidr_blocks": [
                  "0.0.0.0/0"
                ],
                "description": "",
                "from_port": 80,
                "ipv6_cidr_blocks": [],
                "prefix_list_ids": [],
                "protocol": "tcp",
                "security_groups": [],
                "self": false,
                "to_port": 80
              }
            ],
            "name": "wordpress-sg",
            "name_prefix": "",
            "owner_id": "764283926008",
            "region": "us-east-1",
            "revoke_rules_on_delete": false,
            "tags": {},
            "tags_all": {},
            "timeouts": null,
            "vpc_id": "vpc-064ac36a615b06c06"
          },
          "sensitive_attributes": [],
          "identity_schema_version": 0,
          "private": "eyJlMmJmYjczMC1lY2FhLTExZTYtOGY4OC0zNDM2M2JjN2M0YzAiOnsiY3JlYXRlIjo2MDAwMDAwMDAwMDAsImRlbGV0ZSI6OTAwMDAwMDAwMDAwfSwic2NoZW1hX3ZlcnNpb24iOiIxIn0="
        }
      ]
    }
  ],
  "check_results": null
}
