{
  "version": 4,
  "terraform_version": "1.12.2",
  "serial": 7,
  "lineage": "7dd96263-0156-d403-664d-49ad8b6fa28e",
  "outputs": {
    "instance_public_ip": {
      "value": "3.89.88.25",
      "type": "string"
    }
  },
  "resources": [
    {
      "mode": "managed",
      "type": "aws_instance",
      "name": "web",
      "provider": "provider[\"registry.terraform.io/hashicorp/aws\"]",
      "instances": [
        {
          "schema_version": 2,
          "attributes": {
            "ami": "ami-0c02fb55956c7d316",
            "arn": "arn:aws:ec2:us-east-1:764283926008:instance/i-04464006271f8f2fa",
            "associate_public_ip_address": true,
            "availability_zone": "us-east-1a",
            "capacity_reservation_specification": [
              {
                "capacity_reservation_preference": "open",
                "capacity_reservation_target": []
              }
            ],
            "cpu_options": [
              {
                "amd_sev_snp": "",
                "core_count": 1,
                "threads_per_core": 1
              }
            ],
            "credit_specification": [
              {
                "cpu_credits": "standard"
              }
            ],
            "disable_api_stop": false,
            "disable_api_termination": false,
            "ebs_block_device": [],
            "ebs_optimized": false,
            "enable_primary_ipv6": null,
            "enclave_options": [
              {
                "enabled": false
              }
            ],
            "ephemeral_block_device": [],
            "get_password_data": false,
            "hibernation": false,
            "host_id": "",
            "host_resource_group_arn": null,
            "iam_instance_profile": "",
            "id": "i-04464006271f8f2fa",
            "instance_initiated_shutdown_behavior": "stop",
            "instance_lifecycle": "",
            "instance_market_options": [],
            "instance_state": "running",
            "instance_type": "t2.micro",
            "ipv6_address_count": 0,
            "ipv6_addresses": [],
            "key_name": "nahim-devops-key",
            "launch_template": [],
            "maintenance_options": [
              {
                "auto_recovery": "default"
              }
            ],
            "metadata_options": [
              {
                "http_endpoint": "enabled",
                "http_protocol_ipv6": "disabled",
                "http_put_response_hop_limit": 1,
                "http_tokens": "optional",
                "instance_metadata_tags": "disabled"
              }
            ],
            "monitoring": false,
            "network_interface": [],
            "outpost_arn": "",
            "password_data": "",
            "placement_group": "",
            "placement_partition_number": 0,
            "primary_network_interface_id": "eni-0de29047db17cd604",
            "private_dns": "ip-172-31-88-69.ec2.internal",
            "private_dns_name_options": [
              {
                "enable_resource_name_dns_a_record": false,
                "enable_resource_name_dns_aaaa_record": false,
                "hostname_type": "ip-name"
              }
            ],
            "private_ip": "172.31.88.69",
            "public_dns": "ec2-3-89-88-25.compute-1.amazonaws.com",
            "public_ip": "3.89.88.25",
            "region": "us-east-1",
            "root_block_device": [
              {
                "delete_on_termination": true,
                "device_name": "/dev/xvda",
                "encrypted": false,
                "iops": 100,
                "kms_key_id": "",
                "tags": {},
                "tags_all": {},
                "throughput": 0,
                "volume_id": "vol-0fc814bce55f54a31",
                "volume_size": 8,
                "volume_type": "gp2"
              }
            ],
            "secondary_private_ips": [],
            "security_groups": [
              "allow_ssh_http_nahim"
            ],
            "source_dest_check": true,
            "spot_instance_request_id": "",
            "subnet_id": "subnet-0499069e288debd0c",
            "tags": {
              "Name": "Terraform-Web-Server"
            },
            "tags_all": {
              "Name": "Terraform-Web-Server"
            },
            "tenancy": "default",
            "timeouts": null,
            "user_data": "",
            "user_data_base64": null,
            "user_data_replace_on_change": false,
            "volume_tags": null,
            "vpc_security_group_ids": [
              "sg-052d1f07d81a297d2"
            ]
          },
          "sensitive_attributes": [],
          "identity_schema_version": 0,
          "private": "eyJlMmJmYjczMC1lY2FhLTExZTYtOGY4OC0zNDM2M2JjN2M0YzAiOnsiY3JlYXRlIjo2MDAwMDAwMDAwMDAsImRlbGV0ZSI6MTIwMDAwMDAwMDAwMCwicmVhZCI6OTAwMDAwMDAwMDAwLCJ1cGRhdGUiOjYwMDAwMDAwMDAwMH0sInNjaGVtYV92ZXJzaW9uIjoiMiJ9",
          "dependencies": [
            "aws_key_pair.deployer",
            "aws_security_group.allow_ssh_http"
          ]
        }
      ]
    },
    {
      "mode": "managed",
      "type": "aws_key_pair",
      "name": "deployer",
      "provider": "provider[\"registry.terraform.io/hashicorp/aws\"]",
      "instances": [
        {
          "schema_version": 1,
          "attributes": {
            "arn": "arn:aws:ec2:us-east-1:764283926008:key-pair/nahim-devops-key",
            "fingerprint": "61:4a:1a:22:cd:13:cd:e8:21:f5:34:33:02:57:b5:2e",
            "id": "nahim-devops-key",
            "key_name": "nahim-devops-key",
            "key_name_prefix": "",
            "key_pair_id": "key-0b2e284afb60f56b2",
            "key_type": "rsa",
            "public_key": "ssh-rsa AAAAB3NzaC1yc2EAAAADAQABAAACAQC8Hk0KP+6MAmP9wA3ZFOjHrdVPkMYtZlzGc4HfT0LLYRF19Y3HCOckSzb+shDtaJLwe2eg5Ki66XuGwClaDAktnyhYxCPbDa8ENfpVE5KaEZPWTimyVWh+syNDqHg9ATs5JLoyJsOlsif5tmytmKDT3WaAuGc0FHpmydwZBFCrwYXbC/i27i6ZuIuBf1Dnyv7P04sz8Wle7L0Oxxf/7T5+2++UYLmfkHaqJUhNw78VlgK9FtSpHPbjG4YBEtB1V6bwN4/GwuLVRjLH7RtVc9k4Nt7Mpc3/Uvhpfjc4mGBC5HU9ygHpyWExxFzGeBnQD2KRRxXh93IJd7ZUKTxb5pFsbzvLvQFFIsWqFLtb8g23koV9kGAea4Xzgtaoji8nZpGuvCFwJe8y2LMAd9ZPJPr4vKNFRcob0Y9PCjv2b6M1D1J9MQeQEWVN3TqJ0KYb2S8gNLRohJ9vcfEMwfNdXZN/3U2YDE23oKdfGO763fyOaAn7Yz5sVCot73Q+Al1ixp5vPOm6fdSdl91fMjRVjNpeKFm91g/4sWYeqiNWV1oyVZYByAnv5/TBIdkigLvIZeserz9sMqxoYCej9aZcrxek2GNlju7DotXQpbVKSyaLtBzGjX2Wxje+sAuto6QbHUKTS/45+Ysxtft9GiryT23s4AXUFx94sPt3pDIdFl9ToQ== nahimahmed@MacBookAir.powerhub",
            "region": "us-east-1",
            "tags": {},
            "tags_all": {}
          },
          "sensitive_attributes": [],
          "identity_schema_version": 0,
          "private": "eyJzY2hlbWFfdmVyc2lvbiI6IjEifQ=="
        }
      ]
    },
    {
      "mode": "managed",
      "type": "aws_security_group",
      "name": "allow_ssh_http",
      "provider": "provider[\"registry.terraform.io/hashicorp/aws\"]",
      "instances": [
        {
          "schema_version": 1,
          "attributes": {
            "arn": "arn:aws:ec2:us-east-1:764283926008:security-group/sg-052d1f07d81a297d2",
            "description": "Allow SSH and HTTP",
            "egress": [
              {
                "cidr_blocks": [
                  "0.0.0.0/0"
                ],
                "description": "",
                "from_port": 0,
                "ipv6_cidr_blocks": [],
                "prefix_list_ids": [],
                "protocol": "-1",
                "security_groups": [],
                "self": false,
                "to_port": 0
              }
            ],
            "id": "sg-052d1f07d81a297d2",
            "ingress": [
              {
                "cidr_blocks": [
                  "0.0.0.0/0"
                ],
                "description": "",
                "from_port": 22,
                "ipv6_cidr_blocks": [],
                "prefix_list_ids": [],
                "protocol": "tcp",
                "security_groups": [],
                "self": false,
                "to_port": 22
              },
              {
                "cidr_blocks": [
                  "0.0.0.0/0"
                ],
                "description": "",
                "from_port": 80,
                "ipv6_cidr_blocks": [],
                "prefix_list_ids": [],
                "protocol": "tcp",
                "security_groups": [],
                "self": false,
                "to_port": 80
              }
            ],
            "name": "allow_ssh_http_nahim",
            "name_prefix": "",
            "owner_id": "764283926008",
            "region": "us-east-1",
            "revoke_rules_on_delete": false,
            "tags": {},
            "tags_all": {},
            "timeouts": null,
            "vpc_id": "vpc-064ac36a615b06c06"
          },
          "sensitive_attributes": [],
          "identity_schema_version": 0,
          "private": "eyJlMmJmYjczMC1lY2FhLTExZTYtOGY4OC0zNDM2M2JjN2M0YzAiOnsiY3JlYXRlIjo2MDAwMDAwMDAwMDAsImRlbGV0ZSI6OTAwMDAwMDAwMDAwfSwic2NoZW1hX3ZlcnNpb24iOiIxIn0="
        }
      ]
    }
  ],
  "check_results": null
}
